github.com/Eydzhpee08/bank v0.0.0-20200921230400-a4d246fe7e03 h1:KJjMAzgF3hRG1QJI0NjSNTz4S3vUdIuX3gB+V0WfOFk=
github.com/Eydzhpee08/bank v0.0.0-20200921230400-a4d246fe7e03/go.mod h1:B1Km8PASgWIiZm2qhK6VUMTviU0K0oZB5biwQ30pDEY=
github.com/shuhrat-shokirov/bank v1.0.0 h1:Ac1wTjDLO+HayBvIzNj1IrkPYhZTovpNL2uUsZD95B8=
github.com/shuhrat-shokirov/bank/v2 v2.0.0 h1:pc8gKmqhRpr6UIbXtED0m33Pn7nxlK9TTOHZxZ7yjMs=
